{
  "version": 4,
  "terraform_version": "1.13.2",
  "serial": 46,
  "lineage": "54daf54e-cc05-bd32-50f1-925a02b2d2ed",
  "outputs": {
    "api_endpoint": {
      "value": "https://8opo51ogmd.execute-api.ap-south-1.amazonaws.com",
      "type": "string"
    },
    "athena_results_bucket": {
      "value": "demoaks-athena-results-273505519511",
      "type": "string"
    },
    "athena_workgroup": {
      "value": "demoaks_wg",
      "type": "string"
    },
    "data_bucket": {
      "value": "demoaks-data-273505519511",
      "type": "string"
    },
    "glue_db": {
      "value": "demoaks_demo_db",
      "type": "string"
    },
    "redis_endpoint": {
      "value": "demoaks-redis-vyobyu.serverless.aps1.cache.amazonaws.com",
      "type": "string"
    }
  },
  "resources": [
    {
      "mode": "data",
      "type": "archive_file",
      "name": "lambda_zip",
      "provider": "provider[\"registry.terraform.io/hashicorp/archive\"]",
      "instances": [
        {
          "schema_version": 0,
          "attributes": {
            "exclude_symlink_directories": null,
            "excludes": null,
            "id": "f5ab0113fdcbe134b44ced397b5806b061202658",
            "output_base64sha256": "x8Fv+E1ESyTQ9Ppl/XxXGBkPI9Mbf/RubBSRCIhNEsE=",
            "output_base64sha512": "ogXhMzdgrJzboJiAntB0cN4ANfDRl0RGs6GoyFVilG90Vy9A5VDLlFukYsNbgZW6+n3w8oggesJk4s6FUgyiMA==",
            "output_file_mode": null,
            "output_md5": "e4f2683ae27e06e5221796a9efd7b11c",
            "output_path": "./../lambda/lambda.zip",
            "output_sha": "f5ab0113fdcbe134b44ced397b5806b061202658",
            "output_sha256": "c7c16ff84d444b24d0f4fa65fd7c5718190f23d31b7ff46e6c149108884d12c1",
            "output_sha512": "a205e1333760ac9cdba098809ed07470de0035f0d1974446b3a1a8c85562946f74572f40e550cb945ba462c35b8195bafa7df0f288207ac264e2ce85520ca230",
            "output_size": 1159,
            "source": [],
            "source_content": null,
            "source_content_filename": null,
            "source_dir": null,
            "source_file": "./../lambda/handler.py",
            "type": "zip"
          },
          "sensitive_attributes": [],
          "identity_schema_version": 0
        }
      ]
    },
    {
      "mode": "data",
      "type": "aws_caller_identity",
      "name": "me",
      "provider": "provider[\"registry.terraform.io/hashicorp/aws\"]",
      "instances": [
        {
          "schema_version": 0,
          "attributes": {
            "account_id": "273505519511",
            "arn": "arn:aws:sts::273505519511:assumed-role/TerraformProvisioner/tf-setup",
            "id": "273505519511",
            "user_id": "AROAT7LRTA6LYVVOCGZX2:tf-setup"
          },
          "sensitive_attributes": [],
          "identity_schema_version": 0
        }
      ]
    },
    {
      "mode": "data",
      "type": "aws_region",
      "name": "current",
      "provider": "provider[\"registry.terraform.io/hashicorp/aws\"]",
      "instances": [
        {
          "schema_version": 0,
          "attributes": {
            "description": "Asia Pacific (Mumbai)",
            "endpoint": "ec2.ap-south-1.amazonaws.com",
            "id": "ap-south-1",
            "name": "ap-south-1",
            "region": "ap-south-1"
          },
          "sensitive_attributes": [],
          "identity_schema_version": 0
        }
      ]
    },
    {
      "mode": "managed",
      "type": "aws_apigatewayv2_api",
      "name": "http",
      "provider": "provider[\"registry.terraform.io/hashicorp/aws\"]",
      "instances": [
        {
          "schema_version": 0,
          "attributes": {
            "api_endpoint": "https://8opo51ogmd.execute-api.ap-south-1.amazonaws.com",
            "api_key_selection_expression": "$request.header.x-api-key",
            "arn": "arn:aws:apigateway:ap-south-1::/apis/8opo51ogmd",
            "body": null,
            "cors_configuration": [],
            "credentials_arn": null,
            "description": "",
            "disable_execute_api_endpoint": false,
            "execution_arn": "arn:aws:execute-api:ap-south-1:273505519511:8opo51ogmd",
            "fail_on_warnings": null,
            "id": "8opo51ogmd",
            "ip_address_type": "ipv4",
            "name": "demoaks-api",
            "protocol_type": "HTTP",
            "region": "ap-south-1",
            "route_key": null,
            "route_selection_expression": "$request.method $request.path",
            "tags": {},
            "tags_all": {},
            "target": null,
            "version": ""
          },
          "sensitive_attributes": [],
          "identity_schema_version": 0,
          "private": "bnVsbA=="
        }
      ]
    },
    {
      "mode": "managed",
      "type": "aws_apigatewayv2_integration",
      "name": "lambda",
      "provider": "provider[\"registry.terraform.io/hashicorp/aws\"]",
      "instances": [
        {
          "schema_version": 0,
          "attributes": {
            "api_id": "8opo51ogmd",
            "connection_id": "",
            "connection_type": "INTERNET",
            "content_handling_strategy": "",
            "credentials_arn": "",
            "description": "",
            "id": "7hrynm8",
            "integration_method": "POST",
            "integration_response_selection_expression": "",
            "integration_subtype": "",
            "integration_type": "AWS_PROXY",
            "integration_uri": "arn:aws:apigateway:ap-south-1:lambda:path/2015-03-31/functions/arn:aws:lambda:ap-south-1:273505519511:function:demoaks-athena-proxy/invocations",
            "passthrough_behavior": "",
            "payload_format_version": "2.0",
            "region": "ap-south-1",
            "request_parameters": null,
            "request_templates": null,
            "response_parameters": [],
            "template_selection_expression": "",
            "timeout_milliseconds": 30000,
            "tls_config": []
          },
          "sensitive_attributes": [],
          "identity_schema_version": 0,
          "private": "bnVsbA==",
          "dependencies": [
            "aws_apigatewayv2_api.http",
            "aws_athena_workgroup.wg",
            "aws_elasticache_serverless_cache.redis",
            "aws_glue_catalog_database.db",
            "aws_iam_role.lambda",
            "aws_iam_role_policy.lambda_inline",
            "aws_iam_role_policy_attachment.lambda_vpc_access",
            "aws_lambda_function.proxy",
            "aws_s3_bucket.athena_results",
            "aws_s3_bucket.data",
            "aws_security_group.lambda",
            "aws_security_group.redis",
            "aws_subnet.private_a",
            "aws_subnet.private_b",
            "aws_vpc.main",
            "data.archive_file.lambda_zip",
            "data.aws_caller_identity.me",
            "time_sleep.wait_for_lambda_role"
          ]
        }
      ]
    },
    {
      "mode": "managed",
      "type": "aws_apigatewayv2_route",
      "name": "query",
      "provider": "provider[\"registry.terraform.io/hashicorp/aws\"]",
      "instances": [
        {
          "schema_version": 0,
          "attributes": {
            "api_id": "8opo51ogmd",
            "api_key_required": false,
            "authorization_scopes": null,
            "authorization_type": "NONE",
            "authorizer_id": "",
            "id": "ejgvqkt",
            "model_selection_expression": "",
            "operation_name": "",
            "region": "ap-south-1",
            "request_models": null,
            "request_parameter": [],
            "route_key": "POST /query",
            "route_response_selection_expression": "",
            "target": "integrations/7hrynm8"
          },
          "sensitive_attributes": [],
          "identity_schema_version": 0,
          "private": "bnVsbA==",
          "dependencies": [
            "aws_apigatewayv2_api.http",
            "aws_apigatewayv2_integration.lambda",
            "aws_athena_workgroup.wg",
            "aws_elasticache_serverless_cache.redis",
            "aws_glue_catalog_database.db",
            "aws_iam_role.lambda",
            "aws_iam_role_policy.lambda_inline",
            "aws_iam_role_policy_attachment.lambda_vpc_access",
            "aws_lambda_function.proxy",
            "aws_s3_bucket.athena_results",
            "aws_s3_bucket.data",
            "aws_security_group.lambda",
            "aws_security_group.redis",
            "aws_subnet.private_a",
            "aws_subnet.private_b",
            "aws_vpc.main",
            "data.archive_file.lambda_zip",
            "data.aws_caller_identity.me",
            "time_sleep.wait_for_lambda_role"
          ]
        }
      ]
    },
    {
      "mode": "managed",
      "type": "aws_apigatewayv2_stage",
      "name": "prod",
      "provider": "provider[\"registry.terraform.io/hashicorp/aws\"]",
      "instances": [
        {
          "schema_version": 0,
          "attributes": {
            "access_log_settings": [],
            "api_id": "8opo51ogmd",
            "arn": "arn:aws:apigateway:ap-south-1::/apis/8opo51ogmd/stages/$default",
            "auto_deploy": true,
            "client_certificate_id": "",
            "default_route_settings": [
              {
                "data_trace_enabled": false,
                "detailed_metrics_enabled": false,
                "logging_level": "",
                "throttling_burst_limit": 0,
                "throttling_rate_limit": 0
              }
            ],
            "deployment_id": "",
            "description": "",
            "execution_arn": "arn:aws:execute-api:ap-south-1:273505519511:8opo51ogmd/$default",
            "id": "$default",
            "invoke_url": "https://8opo51ogmd.execute-api.ap-south-1.amazonaws.com/",
            "name": "$default",
            "region": "ap-south-1",
            "route_settings": [],
            "stage_variables": {},
            "tags": {},
            "tags_all": {}
          },
          "sensitive_attributes": [],
          "identity_schema_version": 0,
          "private": "bnVsbA==",
          "dependencies": [
            "aws_apigatewayv2_api.http"
          ]
        }
      ]
    },
    {
      "mode": "managed",
      "type": "aws_athena_workgroup",
      "name": "wg",
      "provider": "provider[\"registry.terraform.io/hashicorp/aws\"]",
      "instances": [
        {
          "schema_version": 0,
          "attributes": {
            "arn": "arn:aws:athena:ap-south-1:273505519511:workgroup/demoaks_wg",
            "configuration": [
              {
                "bytes_scanned_cutoff_per_query": 0,
                "enforce_workgroup_configuration": true,
                "engine_version": [
                  {
                    "effective_engine_version": "Athena engine version 3",
                    "selected_engine_version": "AUTO"
                  }
                ],
                "execution_role": "",
                "identity_center_configuration": [],
                "publish_cloudwatch_metrics_enabled": true,
                "requester_pays_enabled": false,
                "result_configuration": [
                  {
                    "acl_configuration": [],
                    "encryption_configuration": [
                      {
                        "encryption_option": "SSE_S3",
                        "kms_key_arn": ""
                      }
                    ],
                    "expected_bucket_owner": "",
                    "output_location": "s3://demoaks-athena-results-273505519511/results/"
                  }
                ]
              }
            ],
            "description": "",
            "force_destroy": false,
            "id": "demoaks_wg",
            "name": "demoaks_wg",
            "region": "ap-south-1",
            "state": "ENABLED",
            "tags": {},
            "tags_all": {}
          },
          "sensitive_attributes": [],
          "identity_schema_version": 0,
          "private": "bnVsbA==",
          "dependencies": [
            "aws_s3_bucket.athena_results",
            "data.aws_caller_identity.me"
          ]
        }
      ]
    },
    {
      "mode": "managed",
      "type": "aws_elasticache_serverless_cache",
      "name": "redis",
      "provider": "provider[\"registry.terraform.io/hashicorp/aws\"]",
      "instances": [
        {
          "schema_version": 0,
          "attributes": {
            "arn": "arn:aws:elasticache:ap-south-1:273505519511:serverlesscache:demoaks-redis",
            "cache_usage_limits": [
              {
                "data_storage": [
                  {
                    "maximum": 1,
                    "minimum": null,
                    "unit": "GB"
                  }
                ],
                "ecpu_per_second": [
                  {
                    "maximum": 1000,
                    "minimum": null
                  }
                ]
              }
            ],
            "create_time": "2025-09-27T10:04:39Z",
            "daily_snapshot_time": "00:30",
            "description": " ",
            "endpoint": [
              {
                "address": "demoaks-redis-vyobyu.serverless.aps1.cache.amazonaws.com",
                "port": 6379
              }
            ],
            "engine": "redis",
            "full_engine_version": "7.1",
            "id": "demoaks-redis",
            "kms_key_id": null,
            "major_engine_version": "7",
            "name": "demoaks-redis",
            "reader_endpoint": [
              {
                "address": "demoaks-redis-vyobyu.serverless.aps1.cache.amazonaws.com",
                "port": 6380
              }
            ],
            "region": "ap-south-1",
            "security_group_ids": [
              "sg-0bec73a52817518b5"
            ],
            "snapshot_arns_to_restore": null,
            "snapshot_retention_limit": 0,
            "status": "available",
            "subnet_ids": [
              "subnet-00b7ac8b634f993ff",
              "subnet-0b739c8c02b3d13a0"
            ],
            "tags": null,
            "tags_all": {},
            "timeouts": null,
            "user_group_id": null
          },
          "sensitive_attributes": [],
          "identity_schema_version": 0,
          "dependencies": [
            "aws_security_group.lambda",
            "aws_security_group.redis",
            "aws_subnet.private_a",
            "aws_subnet.private_b",
            "aws_vpc.main"
          ]
        }
      ]
    },
    {
      "mode": "managed",
      "type": "aws_glue_catalog_database",
      "name": "db",
      "provider": "provider[\"registry.terraform.io/hashicorp/aws\"]",
      "instances": [
        {
          "schema_version": 0,
          "attributes": {
            "arn": "arn:aws:glue:ap-south-1:273505519511:database/demoaks_demo_db",
            "catalog_id": "273505519511",
            "create_table_default_permission": [
              {
                "permissions": [
                  "ALL"
                ],
                "principal": [
                  {
                    "data_lake_principal_identifier": "IAM_ALLOWED_PRINCIPALS"
                  }
                ]
              }
            ],
            "description": "",
            "federated_database": [],
            "id": "273505519511:demoaks_demo_db",
            "location_uri": "",
            "name": "demoaks_demo_db",
            "parameters": {},
            "region": "ap-south-1",
            "tags": {},
            "tags_all": {},
            "target_database": []
          },
          "sensitive_attributes": [],
          "identity_schema_version": 0,
          "private": "bnVsbA=="
        }
      ]
    },
    {
      "mode": "managed",
      "type": "aws_glue_catalog_table",
      "name": "table",
      "provider": "provider[\"registry.terraform.io/hashicorp/aws\"]",
      "instances": [
        {
          "schema_version": 0,
          "attributes": {
            "arn": "arn:aws:glue:ap-south-1:273505519511:table/demoaks_demo_db/demo_table",
            "catalog_id": "273505519511",
            "database_name": "demoaks_demo_db",
            "description": "",
            "id": "273505519511:demoaks_demo_db:demo_table",
            "name": "demo_table",
            "open_table_format_input": [],
            "owner": "",
            "parameters": {
              "EXTERNAL": "TRUE",
              "classification": "parquet",
              "parquet.compression": "SNAPPY"
            },
            "partition_index": [],
            "partition_keys": [],
            "region": "ap-south-1",
            "retention": 0,
            "storage_descriptor": [
              {
                "additional_locations": [],
                "bucket_columns": [],
                "columns": [
                  {
                    "comment": "",
                    "name": "id",
                    "parameters": {},
                    "type": "int"
                  },
                  {
                    "comment": "",
                    "name": "name",
                    "parameters": {},
                    "type": "string"
                  },
                  {
                    "comment": "",
                    "name": "value",
                    "parameters": {},
                    "type": "double"
                  }
                ],
                "compressed": false,
                "input_format": "org.apache.hadoop.hive.ql.io.parquet.MapredParquetInputFormat",
                "location": "s3://demoaks-data-273505519511/parquet/",
                "number_of_buckets": 0,
                "output_format": "org.apache.hadoop.hive.ql.io.parquet.MapredParquetOutputFormat",
                "parameters": {},
                "schema_reference": [],
                "ser_de_info": [
                  {
                    "name": "ParquetHiveSerDe",
                    "parameters": {
                      "serialization.format": "1"
                    },
                    "serialization_library": "org.apache.hadoop.hive.ql.io.parquet.serde.ParquetHiveSerDe"
                  }
                ],
                "skewed_info": [],
                "sort_columns": [],
                "stored_as_sub_directories": false
              }
            ],
            "table_type": "EXTERNAL_TABLE",
            "target_table": [],
            "view_expanded_text": "",
            "view_original_text": ""
          },
          "sensitive_attributes": [],
          "identity_schema_version": 0,
          "private": "bnVsbA==",
          "dependencies": [
            "aws_glue_catalog_database.db",
            "aws_s3_bucket.data",
            "data.aws_caller_identity.me"
          ]
        }
      ]
    },
    {
      "mode": "managed",
      "type": "aws_iam_role",
      "name": "lambda",
      "provider": "provider[\"registry.terraform.io/hashicorp/aws\"]",
      "instances": [
        {
          "schema_version": 0,
          "attributes": {
            "arn": "arn:aws:iam::273505519511:role/demoaks-lambda-role",
            "assume_role_policy": "{\"Statement\":[{\"Action\":\"sts:AssumeRole\",\"Effect\":\"Allow\",\"Principal\":{\"Service\":\"lambda.amazonaws.com\"}}],\"Version\":\"2012-10-17\"}",
            "create_date": "2025-09-27T10:04:21Z",
            "description": "",
            "force_detach_policies": false,
            "id": "demoaks-lambda-role",
            "inline_policy": [
              {
                "name": "demoaks-lambda-inline",
                "policy": "{\"Version\":\"2012-10-17\",\"Statement\":[{\"Action\":[\"athena:*\",\"glue:GetDatabase\",\"glue:GetTable\",\"glue:GetPartitions\"],\"Effect\":\"Allow\",\"Resource\":\"*\"},{\"Action\":[\"s3:*\"],\"Effect\":\"Allow\",\"Resource\":[\"arn:aws:s3:::demoaks-data-273505519511\",\"arn:aws:s3:::demoaks-data-273505519511/*\",\"arn:aws:s3:::demoaks-athena-results-273505519511\",\"arn:aws:s3:::demoaks-athena-results-273505519511/*\"]},{\"Action\":[\"logs:CreateLogGroup\",\"logs:CreateLogStream\",\"logs:PutLogEvents\"],\"Effect\":\"Allow\",\"Resource\":\"*\"}]}"
              }
            ],
            "managed_policy_arns": [
              "arn:aws:iam::aws:policy/service-role/AWSLambdaVPCAccessExecutionRole"
            ],
            "max_session_duration": 3600,
            "name": "demoaks-lambda-role",
            "name_prefix": "",
            "path": "/",
            "permissions_boundary": "",
            "tags": {},
            "tags_all": {},
            "unique_id": "AROAT7LRTA6LU7BFVK63D"
          },
          "sensitive_attributes": [],
          "identity_schema_version": 0,
          "identity": {
            "account_id": "273505519511",
            "name": "demoaks-lambda-role"
          },
          "private": "bnVsbA=="
        }
      ]
    },
    {
      "mode": "managed",
      "type": "aws_iam_role_policy",
      "name": "lambda_inline",
      "provider": "provider[\"registry.terraform.io/hashicorp/aws\"]",
      "instances": [
        {
          "schema_version": 0,
          "attributes": {
            "id": "demoaks-lambda-role:demoaks-lambda-inline",
            "name": "demoaks-lambda-inline",
            "name_prefix": "",
            "policy": "{\"Version\":\"2012-10-17\",\"Statement\":[{\"Action\":[\"athena:*\",\"glue:GetDatabase\",\"glue:GetTable\",\"glue:GetPartitions\"],\"Effect\":\"Allow\",\"Resource\":\"*\"},{\"Action\":[\"s3:*\"],\"Effect\":\"Allow\",\"Resource\":[\"arn:aws:s3:::demoaks-data-273505519511\",\"arn:aws:s3:::demoaks-data-273505519511/*\",\"arn:aws:s3:::demoaks-athena-results-273505519511\",\"arn:aws:s3:::demoaks-athena-results-273505519511/*\"]},{\"Action\":[\"logs:CreateLogGroup\",\"logs:CreateLogStream\",\"logs:PutLogEvents\"],\"Effect\":\"Allow\",\"Resource\":\"*\"}]}",
            "role": "demoaks-lambda-role"
          },
          "sensitive_attributes": [],
          "identity_schema_version": 0,
          "identity": {
            "account_id": "273505519511",
            "name": "demoaks-lambda-inline",
            "role": "demoaks-lambda-role"
          },
          "private": "bnVsbA==",
          "dependencies": [
            "aws_iam_role.lambda",
            "aws_s3_bucket.athena_results",
            "aws_s3_bucket.data",
            "data.aws_caller_identity.me"
          ]
        }
      ]
    },
    {
      "mode": "managed",
      "type": "aws_iam_role_policy_attachment",
      "name": "lambda_vpc_access",
      "provider": "provider[\"registry.terraform.io/hashicorp/aws\"]",
      "instances": [
        {
          "schema_version": 0,
          "attributes": {
            "id": "demoaks-lambda-role/arn:aws:iam::aws:policy/service-role/AWSLambdaVPCAccessExecutionRole",
            "policy_arn": "arn:aws:iam::aws:policy/service-role/AWSLambdaVPCAccessExecutionRole",
            "role": "demoaks-lambda-role"
          },
          "sensitive_attributes": [],
          "identity_schema_version": 0,
          "identity": {
            "account_id": "273505519511",
            "policy_arn": "arn:aws:iam::aws:policy/service-role/AWSLambdaVPCAccessExecutionRole",
            "role": "demoaks-lambda-role"
          },
          "private": "bnVsbA==",
          "dependencies": [
            "aws_iam_role.lambda"
          ]
        }
      ]
    },
    {
      "mode": "managed",
      "type": "aws_lambda_function",
      "name": "proxy",
      "provider": "provider[\"registry.terraform.io/hashicorp/aws\"]",
      "instances": [
        {
          "schema_version": 0,
          "attributes": {
            "architectures": [
              "x86_64"
            ],
            "arn": "arn:aws:lambda:ap-south-1:273505519511:function:demoaks-athena-proxy",
            "code_sha256": "x8Fv+E1ESyTQ9Ppl/XxXGBkPI9Mbf/RubBSRCIhNEsE=",
            "code_signing_config_arn": "",
            "dead_letter_config": [],
            "description": "",
            "environment": [
              {
                "variables": {
                  "ATHENA_WG": "demoaks_wg",
                  "CACHE_TTL": "300",
                  "GLUE_DB": "demoaks_demo_db",
                  "REDIS_HOST": "demoaks-redis-vyobyu.serverless.aps1.cache.amazonaws.com",
                  "REDIS_PORT": "6379",
                  "S3_OUTPUT": "s3://demoaks-athena-results-273505519511/results/"
                }
              }
            ],
            "ephemeral_storage": [
              {
                "size": 512
              }
            ],
            "file_system_config": [],
            "filename": "./../lambda/lambda.zip",
            "function_name": "demoaks-athena-proxy",
            "handler": "handler.handler",
            "id": "demoaks-athena-proxy",
            "image_config": [],
            "image_uri": "",
            "invoke_arn": "arn:aws:apigateway:ap-south-1:lambda:path/2015-03-31/functions/arn:aws:lambda:ap-south-1:273505519511:function:demoaks-athena-proxy/invocations",
            "kms_key_arn": "",
            "last_modified": "2025-09-27T10:34:23.221+0000",
            "layers": null,
            "logging_config": [
              {
                "application_log_level": "",
                "log_format": "Text",
                "log_group": "/aws/lambda/demoaks-athena-proxy",
                "system_log_level": ""
              }
            ],
            "memory_size": 256,
            "package_type": "Zip",
            "publish": false,
            "qualified_arn": "arn:aws:lambda:ap-south-1:273505519511:function:demoaks-athena-proxy:$LATEST",
            "qualified_invoke_arn": "arn:aws:apigateway:ap-south-1:lambda:path/2015-03-31/functions/arn:aws:lambda:ap-south-1:273505519511:function:demoaks-athena-proxy:$LATEST/invocations",
            "region": "ap-south-1",
            "replace_security_groups_on_destroy": null,
            "replacement_security_group_ids": null,
            "reserved_concurrent_executions": -1,
            "role": "arn:aws:iam::273505519511:role/demoaks-lambda-role",
            "runtime": "python3.12",
            "s3_bucket": null,
            "s3_key": null,
            "s3_object_version": null,
            "signing_job_arn": "",
            "signing_profile_version_arn": "",
            "skip_destroy": false,
            "snap_start": [],
            "source_code_hash": "x8Fv+E1ESyTQ9Ppl/XxXGBkPI9Mbf/RubBSRCIhNEsE=",
            "source_code_size": 1159,
            "source_kms_key_arn": "",
            "tags": null,
            "tags_all": {},
            "timeout": 60,
            "timeouts": null,
            "tracing_config": [
              {
                "mode": "PassThrough"
              }
            ],
            "version": "$LATEST",
            "vpc_config": [
              {
                "ipv6_allowed_for_dual_stack": false,
                "security_group_ids": [
                  "sg-063316e74d91e5c26"
                ],
                "subnet_ids": [
                  "subnet-00b7ac8b634f993ff",
                  "subnet-0b739c8c02b3d13a0"
                ],
                "vpc_id": "vpc-06ce9e6f92017ab69"
              }
            ]
          },
          "sensitive_attributes": [],
          "identity_schema_version": 0,
          "identity": {
            "account_id": "273505519511",
            "function_name": "demoaks-athena-proxy",
            "region": "ap-south-1"
          },
          "private": "eyJlMmJmYjczMC1lY2FhLTExZTYtOGY4OC0zNDM2M2JjN2M0YzAiOnsiY3JlYXRlIjo2MDAwMDAwMDAwMDAsImRlbGV0ZSI6NjAwMDAwMDAwMDAwLCJ1cGRhdGUiOjYwMDAwMDAwMDAwMH19",
          "dependencies": [
            "aws_athena_workgroup.wg",
            "aws_elasticache_serverless_cache.redis",
            "aws_glue_catalog_database.db",
            "aws_iam_role.lambda",
            "aws_iam_role_policy.lambda_inline",
            "aws_iam_role_policy_attachment.lambda_vpc_access",
            "aws_s3_bucket.athena_results",
            "aws_s3_bucket.data",
            "aws_security_group.lambda",
            "aws_security_group.redis",
            "aws_subnet.private_a",
            "aws_subnet.private_b",
            "aws_vpc.main",
            "data.archive_file.lambda_zip",
            "data.aws_caller_identity.me",
            "time_sleep.wait_for_lambda_role"
          ]
        }
      ]
    },
    {
      "mode": "managed",
      "type": "aws_lambda_permission",
      "name": "api_invoke",
      "provider": "provider[\"registry.terraform.io/hashicorp/aws\"]",
      "instances": [
        {
          "schema_version": 0,
          "attributes": {
            "action": "lambda:InvokeFunction",
            "event_source_token": null,
            "function_name": "demoaks-athena-proxy",
            "function_url_auth_type": null,
            "id": "AllowAPIGatewayInvoke",
            "principal": "apigateway.amazonaws.com",
            "principal_org_id": null,
            "qualifier": "",
            "region": "ap-south-1",
            "source_account": null,
            "source_arn": "arn:aws:execute-api:ap-south-1:273505519511:8opo51ogmd/*/*",
            "statement_id": "AllowAPIGatewayInvoke",
            "statement_id_prefix": ""
          },
          "sensitive_attributes": [],
          "identity_schema_version": 0,
          "identity": {
            "account_id": "273505519511",
            "function_name": "demoaks-athena-proxy",
            "qualifier": null,
            "region": "ap-south-1",
            "statement_id": "AllowAPIGatewayInvoke"
          },
          "private": "bnVsbA==",
          "dependencies": [
            "aws_apigatewayv2_api.http",
            "aws_athena_workgroup.wg",
            "aws_elasticache_serverless_cache.redis",
            "aws_glue_catalog_database.db",
            "aws_iam_role.lambda",
            "aws_iam_role_policy.lambda_inline",
            "aws_iam_role_policy_attachment.lambda_vpc_access",
            "aws_lambda_function.proxy",
            "aws_s3_bucket.athena_results",
            "aws_s3_bucket.data",
            "aws_security_group.lambda",
            "aws_security_group.redis",
            "aws_subnet.private_a",
            "aws_subnet.private_b",
            "aws_vpc.main",
            "data.archive_file.lambda_zip",
            "data.aws_caller_identity.me",
            "time_sleep.wait_for_lambda_role"
          ]
        }
      ]
    },
    {
      "mode": "managed",
      "type": "aws_s3_bucket",
      "name": "athena_results",
      "provider": "provider[\"registry.terraform.io/hashicorp/aws\"]",
      "instances": [
        {
          "schema_version": 0,
          "attributes": {
            "acceleration_status": "",
            "acl": null,
            "arn": "arn:aws:s3:::demoaks-athena-results-273505519511",
            "bucket": "demoaks-athena-results-273505519511",
            "bucket_domain_name": "demoaks-athena-results-273505519511.s3.amazonaws.com",
            "bucket_prefix": "",
            "bucket_region": "ap-south-1",
            "bucket_regional_domain_name": "demoaks-athena-results-273505519511.s3.ap-south-1.amazonaws.com",
            "cors_rule": [],
            "force_destroy": true,
            "grant": [
              {
                "id": "77bd8a611fbdd4e5724f8b68b3da556a787ddc4bab0843a75e6d103f70c88d8c",
                "permissions": [
                  "FULL_CONTROL"
                ],
                "type": "CanonicalUser",
                "uri": ""
              }
            ],
            "hosted_zone_id": "Z11RGJOFQNVJUP",
            "id": "demoaks-athena-results-273505519511",
            "lifecycle_rule": [
              {
                "abort_incomplete_multipart_upload_days": 0,
                "enabled": true,
                "expiration": [
                  {
                    "date": "",
                    "days": 3,
                    "expired_object_delete_marker": false
                  }
                ],
                "id": "expire-results",
                "noncurrent_version_expiration": [],
                "noncurrent_version_transition": [],
                "prefix": "",
                "tags": {},
                "transition": []
              }
            ],
            "logging": [],
            "object_lock_configuration": [],
            "object_lock_enabled": false,
            "policy": "",
            "region": "ap-south-1",
            "replication_configuration": [],
            "request_payer": "BucketOwner",
            "server_side_encryption_configuration": [
              {
                "rule": [
                  {
                    "apply_server_side_encryption_by_default": [
                      {
                        "kms_master_key_id": "",
                        "sse_algorithm": "AES256"
                      }
                    ],
                    "bucket_key_enabled": false
                  }
                ]
              }
            ],
            "tags": {},
            "tags_all": {},
            "timeouts": null,
            "versioning": [
              {
                "enabled": false,
                "mfa_delete": false
              }
            ],
            "website": [],
            "website_domain": null,
            "website_endpoint": null
          },
          "sensitive_attributes": [],
          "identity_schema_version": 0,
          "identity": {
            "account_id": "273505519511",
            "bucket": "demoaks-athena-results-273505519511",
            "region": "ap-south-1"
          },
          "private": "eyJlMmJmYjczMC1lY2FhLTExZTYtOGY4OC0zNDM2M2JjN2M0YzAiOnsiY3JlYXRlIjoxMjAwMDAwMDAwMDAwLCJkZWxldGUiOjM2MDAwMDAwMDAwMDAsInJlYWQiOjEyMDAwMDAwMDAwMDAsInVwZGF0ZSI6MTIwMDAwMDAwMDAwMH19",
          "dependencies": [
            "data.aws_caller_identity.me"
          ]
        }
      ]
    },
    {
      "mode": "managed",
      "type": "aws_s3_bucket",
      "name": "data",
      "provider": "provider[\"registry.terraform.io/hashicorp/aws\"]",
      "instances": [
        {
          "schema_version": 0,
          "attributes": {
            "acceleration_status": "",
            "acl": null,
            "arn": "arn:aws:s3:::demoaks-data-273505519511",
            "bucket": "demoaks-data-273505519511",
            "bucket_domain_name": "demoaks-data-273505519511.s3.amazonaws.com",
            "bucket_prefix": "",
            "bucket_region": "ap-south-1",
            "bucket_regional_domain_name": "demoaks-data-273505519511.s3.ap-south-1.amazonaws.com",
            "cors_rule": [],
            "force_destroy": true,
            "grant": [
              {
                "id": "77bd8a611fbdd4e5724f8b68b3da556a787ddc4bab0843a75e6d103f70c88d8c",
                "permissions": [
                  "FULL_CONTROL"
                ],
                "type": "CanonicalUser",
                "uri": ""
              }
            ],
            "hosted_zone_id": "Z11RGJOFQNVJUP",
            "id": "demoaks-data-273505519511",
            "lifecycle_rule": [],
            "logging": [],
            "object_lock_configuration": [],
            "object_lock_enabled": false,
            "policy": "",
            "region": "ap-south-1",
            "replication_configuration": [],
            "request_payer": "BucketOwner",
            "server_side_encryption_configuration": [
              {
                "rule": [
                  {
                    "apply_server_side_encryption_by_default": [
                      {
                        "kms_master_key_id": "",
                        "sse_algorithm": "AES256"
                      }
                    ],
                    "bucket_key_enabled": false
                  }
                ]
              }
            ],
            "tags": {},
            "tags_all": {},
            "timeouts": null,
            "versioning": [
              {
                "enabled": false,
                "mfa_delete": false
              }
            ],
            "website": [],
            "website_domain": null,
            "website_endpoint": null
          },
          "sensitive_attributes": [],
          "identity_schema_version": 0,
          "identity": {
            "account_id": "273505519511",
            "bucket": "demoaks-data-273505519511",
            "region": "ap-south-1"
          },
          "private": "eyJlMmJmYjczMC1lY2FhLTExZTYtOGY4OC0zNDM2M2JjN2M0YzAiOnsiY3JlYXRlIjoxMjAwMDAwMDAwMDAwLCJkZWxldGUiOjM2MDAwMDAwMDAwMDAsInJlYWQiOjEyMDAwMDAwMDAwMDAsInVwZGF0ZSI6MTIwMDAwMDAwMDAwMH19",
          "dependencies": [
            "data.aws_caller_identity.me"
          ]
        }
      ]
    },
    {
      "mode": "managed",
      "type": "aws_s3_bucket_lifecycle_configuration",
      "name": "athena_results",
      "provider": "provider[\"registry.terraform.io/hashicorp/aws\"]",
      "instances": [
        {
          "schema_version": 1,
          "attributes": {
            "bucket": "demoaks-athena-results-273505519511",
            "expected_bucket_owner": "",
            "id": "demoaks-athena-results-273505519511",
            "region": "ap-south-1",
            "rule": [
              {
                "abort_incomplete_multipart_upload": [],
                "expiration": [
                  {
                    "date": null,
                    "days": 3,
                    "expired_object_delete_marker": false
                  }
                ],
                "filter": [
                  {
                    "and": [],
                    "object_size_greater_than": null,
                    "object_size_less_than": null,
                    "prefix": "",
                    "tag": []
                  }
                ],
                "id": "expire-results",
                "noncurrent_version_expiration": [],
                "noncurrent_version_transition": [],
                "prefix": "",
                "status": "Enabled",
                "transition": []
              }
            ],
            "timeouts": null,
            "transition_default_minimum_object_size": "all_storage_classes_128K"
          },
          "sensitive_attributes": [],
          "identity_schema_version": 0,
          "dependencies": [
            "aws_s3_bucket.athena_results",
            "data.aws_caller_identity.me"
          ]
        }
      ]
    },
    {
      "mode": "managed",
      "type": "aws_s3_bucket_server_side_encryption_configuration",
      "name": "athena_results",
      "provider": "provider[\"registry.terraform.io/hashicorp/aws\"]",
      "instances": [
        {
          "schema_version": 0,
          "attributes": {
            "bucket": "demoaks-athena-results-273505519511",
            "expected_bucket_owner": "",
            "id": "demoaks-athena-results-273505519511",
            "region": "ap-south-1",
            "rule": [
              {
                "apply_server_side_encryption_by_default": [
                  {
                    "kms_master_key_id": "",
                    "sse_algorithm": "AES256"
                  }
                ],
                "bucket_key_enabled": false
              }
            ]
          },
          "sensitive_attributes": [],
          "identity_schema_version": 0,
          "identity": {
            "account_id": "273505519511",
            "bucket": "demoaks-athena-results-273505519511",
            "expected_bucket_owner": null,
            "region": "ap-south-1"
          },
          "private": "bnVsbA==",
          "dependencies": [
            "aws_s3_bucket.athena_results",
            "data.aws_caller_identity.me"
          ]
        }
      ]
    },
    {
      "mode": "managed",
      "type": "aws_security_group",
      "name": "lambda",
      "provider": "provider[\"registry.terraform.io/hashicorp/aws\"]",
      "instances": [
        {
          "schema_version": 1,
          "attributes": {
            "arn": "arn:aws:ec2:ap-south-1:273505519511:security-group/sg-063316e74d91e5c26",
            "description": "Managed by Terraform",
            "egress": [
              {
                "cidr_blocks": [
                  "0.0.0.0/0"
                ],
                "description": "",
                "from_port": 0,
                "ipv6_cidr_blocks": [],
                "prefix_list_ids": [],
                "protocol": "-1",
                "security_groups": [],
                "self": false,
                "to_port": 0
              }
            ],
            "id": "sg-063316e74d91e5c26",
            "ingress": [],
            "name": "demoaks-lambda-sg",
            "name_prefix": "",
            "owner_id": "273505519511",
            "region": "ap-south-1",
            "revoke_rules_on_delete": false,
            "tags": {},
            "tags_all": {},
            "timeouts": null,
            "vpc_id": "vpc-06ce9e6f92017ab69"
          },
          "sensitive_attributes": [],
          "identity_schema_version": 0,
          "identity": {
            "account_id": "273505519511",
            "id": "sg-063316e74d91e5c26",
            "region": "ap-south-1"
          },
          "private": "eyJlMmJmYjczMC1lY2FhLTExZTYtOGY4OC0zNDM2M2JjN2M0YzAiOnsiY3JlYXRlIjo2MDAwMDAwMDAwMDAsImRlbGV0ZSI6OTAwMDAwMDAwMDAwfSwic2NoZW1hX3ZlcnNpb24iOiIxIn0=",
          "dependencies": [
            "aws_vpc.main"
          ]
        }
      ]
    },
    {
      "mode": "managed",
      "type": "aws_security_group",
      "name": "redis",
      "provider": "provider[\"registry.terraform.io/hashicorp/aws\"]",
      "instances": [
        {
          "schema_version": 1,
          "attributes": {
            "arn": "arn:aws:ec2:ap-south-1:273505519511:security-group/sg-0bec73a52817518b5",
            "description": "Managed by Terraform",
            "egress": [
              {
                "cidr_blocks": [
                  "0.0.0.0/0"
                ],
                "description": "",
                "from_port": 0,
                "ipv6_cidr_blocks": [],
                "prefix_list_ids": [],
                "protocol": "-1",
                "security_groups": [],
                "self": false,
                "to_port": 0
              }
            ],
            "id": "sg-0bec73a52817518b5",
            "ingress": [
              {
                "cidr_blocks": [],
                "description": "",
                "from_port": 6379,
                "ipv6_cidr_blocks": [],
                "prefix_list_ids": [],
                "protocol": "tcp",
                "security_groups": [
                  "sg-063316e74d91e5c26"
                ],
                "self": false,
                "to_port": 6379
              }
            ],
            "name": "demoaks-redis-sg",
            "name_prefix": "",
            "owner_id": "273505519511",
            "region": "ap-south-1",
            "revoke_rules_on_delete": false,
            "tags": {},
            "tags_all": {},
            "timeouts": null,
            "vpc_id": "vpc-06ce9e6f92017ab69"
          },
          "sensitive_attributes": [],
          "identity_schema_version": 0,
          "identity": {
            "account_id": "273505519511",
            "id": "sg-0bec73a52817518b5",
            "region": "ap-south-1"
          },
          "private": "eyJlMmJmYjczMC1lY2FhLTExZTYtOGY4OC0zNDM2M2JjN2M0YzAiOnsiY3JlYXRlIjo2MDAwMDAwMDAwMDAsImRlbGV0ZSI6OTAwMDAwMDAwMDAwfSwic2NoZW1hX3ZlcnNpb24iOiIxIn0=",
          "dependencies": [
            "aws_security_group.lambda",
            "aws_vpc.main"
          ]
        }
      ]
    },
    {
      "mode": "managed",
      "type": "aws_security_group",
      "name": "vpce",
      "provider": "provider[\"registry.terraform.io/hashicorp/aws\"]",
      "instances": [
        {
          "schema_version": 1,
          "attributes": {
            "arn": "arn:aws:ec2:ap-south-1:273505519511:security-group/sg-08c65902bd69a7976",
            "description": "Managed by Terraform",
            "egress": [
              {
                "cidr_blocks": [
                  "0.0.0.0/0"
                ],
                "description": "",
                "from_port": 0,
                "ipv6_cidr_blocks": [],
                "prefix_list_ids": [],
                "protocol": "-1",
                "security_groups": [],
                "self": false,
                "to_port": 0
              }
            ],
            "id": "sg-08c65902bd69a7976",
            "ingress": [
              {
                "cidr_blocks": [],
                "description": "",
                "from_port": 443,
                "ipv6_cidr_blocks": [],
                "prefix_list_ids": [],
                "protocol": "tcp",
                "security_groups": [
                  "sg-063316e74d91e5c26"
                ],
                "self": false,
                "to_port": 443
              }
            ],
            "name": "demoaks-vpce-sg",
            "name_prefix": "",
            "owner_id": "273505519511",
            "region": "ap-south-1",
            "revoke_rules_on_delete": false,
            "tags": {},
            "tags_all": {},
            "timeouts": null,
            "vpc_id": "vpc-06ce9e6f92017ab69"
          },
          "sensitive_attributes": [],
          "identity_schema_version": 0,
          "identity": {
            "account_id": "273505519511",
            "id": "sg-08c65902bd69a7976",
            "region": "ap-south-1"
          },
          "private": "eyJlMmJmYjczMC1lY2FhLTExZTYtOGY4OC0zNDM2M2JjN2M0YzAiOnsiY3JlYXRlIjo2MDAwMDAwMDAwMDAsImRlbGV0ZSI6OTAwMDAwMDAwMDAwfSwic2NoZW1hX3ZlcnNpb24iOiIxIn0=",
          "dependencies": [
            "aws_security_group.lambda",
            "aws_vpc.main"
          ]
        }
      ]
    },
    {
      "mode": "managed",
      "type": "aws_subnet",
      "name": "private_a",
      "provider": "provider[\"registry.terraform.io/hashicorp/aws\"]",
      "instances": [
        {
          "schema_version": 1,
          "attributes": {
            "arn": "arn:aws:ec2:ap-south-1:273505519511:subnet/subnet-00b7ac8b634f993ff",
            "assign_ipv6_address_on_creation": false,
            "availability_zone": "ap-south-1a",
            "availability_zone_id": "aps1-az1",
            "cidr_block": "10.42.1.0/24",
            "customer_owned_ipv4_pool": "",
            "enable_dns64": false,
            "enable_lni_at_device_index": 0,
            "enable_resource_name_dns_a_record_on_launch": false,
            "enable_resource_name_dns_aaaa_record_on_launch": false,
            "id": "subnet-00b7ac8b634f993ff",
            "ipv6_cidr_block": "",
            "ipv6_cidr_block_association_id": "",
            "ipv6_native": false,
            "map_customer_owned_ip_on_launch": false,
            "map_public_ip_on_launch": false,
            "outpost_arn": "",
            "owner_id": "273505519511",
            "private_dns_hostname_type_on_launch": "ip-name",
            "region": "ap-south-1",
            "tags": {
              "Name": "demoaks-priv-a"
            },
            "tags_all": {
              "Name": "demoaks-priv-a"
            },
            "timeouts": null,
            "vpc_id": "vpc-06ce9e6f92017ab69"
          },
          "sensitive_attributes": [],
          "identity_schema_version": 0,
          "identity": {
            "account_id": "273505519511",
            "id": "subnet-00b7ac8b634f993ff",
            "region": "ap-south-1"
          },
          "private": "eyJlMmJmYjczMC1lY2FhLTExZTYtOGY4OC0zNDM2M2JjN2M0YzAiOnsiY3JlYXRlIjo2MDAwMDAwMDAwMDAsImRlbGV0ZSI6MTIwMDAwMDAwMDAwMH0sInNjaGVtYV92ZXJzaW9uIjoiMSJ9",
          "dependencies": [
            "aws_vpc.main"
          ]
        }
      ]
    },
    {
      "mode": "managed",
      "type": "aws_subnet",
      "name": "private_b",
      "provider": "provider[\"registry.terraform.io/hashicorp/aws\"]",
      "instances": [
        {
          "schema_version": 1,
          "attributes": {
            "arn": "arn:aws:ec2:ap-south-1:273505519511:subnet/subnet-0b739c8c02b3d13a0",
            "assign_ipv6_address_on_creation": false,
            "availability_zone": "ap-south-1b",
            "availability_zone_id": "aps1-az3",
            "cidr_block": "10.42.2.0/24",
            "customer_owned_ipv4_pool": "",
            "enable_dns64": false,
            "enable_lni_at_device_index": 0,
            "enable_resource_name_dns_a_record_on_launch": false,
            "enable_resource_name_dns_aaaa_record_on_launch": false,
            "id": "subnet-0b739c8c02b3d13a0",
            "ipv6_cidr_block": "",
            "ipv6_cidr_block_association_id": "",
            "ipv6_native": false,
            "map_customer_owned_ip_on_launch": false,
            "map_public_ip_on_launch": false,
            "outpost_arn": "",
            "owner_id": "273505519511",
            "private_dns_hostname_type_on_launch": "ip-name",
            "region": "ap-south-1",
            "tags": {
              "Name": "demoaks-priv-b"
            },
            "tags_all": {
              "Name": "demoaks-priv-b"
            },
            "timeouts": null,
            "vpc_id": "vpc-06ce9e6f92017ab69"
          },
          "sensitive_attributes": [],
          "identity_schema_version": 0,
          "identity": {
            "account_id": "273505519511",
            "id": "subnet-0b739c8c02b3d13a0",
            "region": "ap-south-1"
          },
          "private": "eyJlMmJmYjczMC1lY2FhLTExZTYtOGY4OC0zNDM2M2JjN2M0YzAiOnsiY3JlYXRlIjo2MDAwMDAwMDAwMDAsImRlbGV0ZSI6MTIwMDAwMDAwMDAwMH0sInNjaGVtYV92ZXJzaW9uIjoiMSJ9",
          "dependencies": [
            "aws_vpc.main"
          ]
        }
      ]
    },
    {
      "mode": "managed",
      "type": "aws_vpc",
      "name": "main",
      "provider": "provider[\"registry.terraform.io/hashicorp/aws\"]",
      "instances": [
        {
          "schema_version": 1,
          "attributes": {
            "arn": "arn:aws:ec2:ap-south-1:273505519511:vpc/vpc-06ce9e6f92017ab69",
            "assign_generated_ipv6_cidr_block": false,
            "cidr_block": "10.42.0.0/16",
            "default_network_acl_id": "acl-0c797735cb4c98dfa",
            "default_route_table_id": "rtb-0a1c9713f7b5fff1b",
            "default_security_group_id": "sg-080ebef53f0e06e7e",
            "dhcp_options_id": "dopt-0976e74362cde68ea",
            "enable_dns_hostnames": true,
            "enable_dns_support": true,
            "enable_network_address_usage_metrics": false,
            "id": "vpc-06ce9e6f92017ab69",
            "instance_tenancy": "default",
            "ipv4_ipam_pool_id": null,
            "ipv4_netmask_length": null,
            "ipv6_association_id": "",
            "ipv6_cidr_block": "",
            "ipv6_cidr_block_network_border_group": "",
            "ipv6_ipam_pool_id": "",
            "ipv6_netmask_length": 0,
            "main_route_table_id": "rtb-0a1c9713f7b5fff1b",
            "owner_id": "273505519511",
            "region": "ap-south-1",
            "tags": {
              "Name": "demoaks-vpc"
            },
            "tags_all": {
              "Name": "demoaks-vpc"
            }
          },
          "sensitive_attributes": [],
          "identity_schema_version": 0,
          "private": "eyJzY2hlbWFfdmVyc2lvbiI6IjEifQ=="
        }
      ]
    },
    {
      "mode": "managed",
      "type": "aws_vpc_endpoint",
      "name": "interfaces",
      "provider": "provider[\"registry.terraform.io/hashicorp/aws\"]",
      "instances": [
        {
          "index_key": "athena",
          "schema_version": 0,
          "attributes": {
            "arn": "arn:aws:ec2:ap-south-1:273505519511:vpc-endpoint/vpce-04aa0c560fccf2aa0",
            "auto_accept": null,
            "cidr_blocks": [],
            "dns_entry": [
              {
                "dns_name": "vpce-04aa0c560fccf2aa0-5f6r3hpq.athena.ap-south-1.vpce.amazonaws.com",
                "hosted_zone_id": "Z2KVTB3ZLFM7JR"
              },
              {
                "dns_name": "vpce-04aa0c560fccf2aa0-5f6r3hpq-ap-south-1a.athena.ap-south-1.vpce.amazonaws.com",
                "hosted_zone_id": "Z2KVTB3ZLFM7JR"
              },
              {
                "dns_name": "athena.ap-south-1.amazonaws.com",
                "hosted_zone_id": "Z05176523JA3ND5N6WQFC"
              },
              {
                "dns_name": "athena.ap-south-1.api.aws",
                "hosted_zone_id": "Z02968171XOCD4S7WIDBS"
              }
            ],
            "dns_options": [
              {
                "dns_record_ip_type": "ipv4",
                "private_dns_only_for_inbound_resolver_endpoint": false
              }
            ],
            "id": "vpce-04aa0c560fccf2aa0",
            "ip_address_type": "ipv4",
            "network_interface_ids": [
              "eni-0f9914b742aa3e892"
            ],
            "owner_id": "273505519511",
            "policy": "{\"Statement\":[{\"Action\":\"*\",\"Effect\":\"Allow\",\"Principal\":\"*\",\"Resource\":\"*\"}]}",
            "prefix_list_id": null,
            "private_dns_enabled": true,
            "region": "ap-south-1",
            "requester_managed": false,
            "resource_configuration_arn": "",
            "route_table_ids": [],
            "security_group_ids": [
              "sg-08c65902bd69a7976"
            ],
            "service_name": "com.amazonaws.ap-south-1.athena",
            "service_network_arn": "",
            "service_region": "ap-south-1",
            "state": "available",
            "subnet_configuration": [
              {
                "ipv4": "10.42.1.228",
                "ipv6": "",
                "subnet_id": "subnet-00b7ac8b634f993ff"
              }
            ],
            "subnet_ids": [
              "subnet-00b7ac8b634f993ff"
            ],
            "tags": {},
            "tags_all": {},
            "timeouts": null,
            "vpc_endpoint_type": "Interface",
            "vpc_id": "vpc-06ce9e6f92017ab69"
          },
          "sensitive_attributes": [],
          "identity_schema_version": 0,
          "identity": {
            "account_id": "273505519511",
            "id": "vpce-04aa0c560fccf2aa0",
            "region": "ap-south-1"
          },
          "private": "eyJlMmJmYjczMC1lY2FhLTExZTYtOGY4OC0zNDM2M2JjN2M0YzAiOnsiY3JlYXRlIjo2MDAwMDAwMDAwMDAsImRlbGV0ZSI6NjAwMDAwMDAwMDAwLCJ1cGRhdGUiOjYwMDAwMDAwMDAwMH19",
          "dependencies": [
            "aws_security_group.lambda",
            "aws_security_group.vpce",
            "aws_subnet.private_a",
            "aws_vpc.main"
          ]
        },
        {
          "index_key": "glue",
          "schema_version": 0,
          "attributes": {
            "arn": "arn:aws:ec2:ap-south-1:273505519511:vpc-endpoint/vpce-034df7f3a79d6c123",
            "auto_accept": null,
            "cidr_blocks": [],
            "dns_entry": [
              {
                "dns_name": "vpce-034df7f3a79d6c123-d5rhq4mz.glue.ap-south-1.vpce.amazonaws.com",
                "hosted_zone_id": "Z2KVTB3ZLFM7JR"
              },
              {
                "dns_name": "vpce-034df7f3a79d6c123-d5rhq4mz-ap-south-1a.glue.ap-south-1.vpce.amazonaws.com",
                "hosted_zone_id": "Z2KVTB3ZLFM7JR"
              },
              {
                "dns_name": "glue.ap-south-1.amazonaws.com",
                "hosted_zone_id": "Z00689523AG0VIKFPSN79"
              },
              {
                "dns_name": "glue.ap-south-1.api.aws",
                "hosted_zone_id": "Z08844512NGQQOZO92R44"
              }
            ],
            "dns_options": [
              {
                "dns_record_ip_type": "ipv4",
                "private_dns_only_for_inbound_resolver_endpoint": false
              }
            ],
            "id": "vpce-034df7f3a79d6c123",
            "ip_address_type": "ipv4",
            "network_interface_ids": [
              "eni-0b37b297908341ec4"
            ],
            "owner_id": "273505519511",
            "policy": "{\"Statement\":[{\"Action\":\"*\",\"Effect\":\"Allow\",\"Principal\":\"*\",\"Resource\":\"*\"}]}",
            "prefix_list_id": null,
            "private_dns_enabled": true,
            "region": "ap-south-1",
            "requester_managed": false,
            "resource_configuration_arn": "",
            "route_table_ids": [],
            "security_group_ids": [
              "sg-08c65902bd69a7976"
            ],
            "service_name": "com.amazonaws.ap-south-1.glue",
            "service_network_arn": "",
            "service_region": "ap-south-1",
            "state": "available",
            "subnet_configuration": [
              {
                "ipv4": "10.42.1.134",
                "ipv6": "",
                "subnet_id": "subnet-00b7ac8b634f993ff"
              }
            ],
            "subnet_ids": [
              "subnet-00b7ac8b634f993ff"
            ],
            "tags": {},
            "tags_all": {},
            "timeouts": null,
            "vpc_endpoint_type": "Interface",
            "vpc_id": "vpc-06ce9e6f92017ab69"
          },
          "sensitive_attributes": [],
          "identity_schema_version": 0,
          "identity": {
            "account_id": "273505519511",
            "id": "vpce-034df7f3a79d6c123",
            "region": "ap-south-1"
          },
          "private": "eyJlMmJmYjczMC1lY2FhLTExZTYtOGY4OC0zNDM2M2JjN2M0YzAiOnsiY3JlYXRlIjo2MDAwMDAwMDAwMDAsImRlbGV0ZSI6NjAwMDAwMDAwMDAwLCJ1cGRhdGUiOjYwMDAwMDAwMDAwMH19",
          "dependencies": [
            "aws_security_group.lambda",
            "aws_security_group.vpce",
            "aws_subnet.private_a",
            "aws_vpc.main"
          ]
        },
        {
          "index_key": "logs",
          "schema_version": 0,
          "attributes": {
            "arn": "arn:aws:ec2:ap-south-1:273505519511:vpc-endpoint/vpce-027e6422b6da687de",
            "auto_accept": null,
            "cidr_blocks": [],
            "dns_entry": [
              {
                "dns_name": "vpce-027e6422b6da687de-5l0x2zhg.logs.ap-south-1.vpce.amazonaws.com",
                "hosted_zone_id": "Z2KVTB3ZLFM7JR"
              },
              {
                "dns_name": "vpce-027e6422b6da687de-5l0x2zhg-ap-south-1a.logs.ap-south-1.vpce.amazonaws.com",
                "hosted_zone_id": "Z2KVTB3ZLFM7JR"
              },
              {
                "dns_name": "logs.ap-south-1.amazonaws.com",
                "hosted_zone_id": "Z00778362OFD5PE7LE9BZ"
              },
              {
                "dns_name": "streaming-logs.ap-south-1.api.aws",
                "hosted_zone_id": "Z05238744GRLW87VOQG5"
              },
              {
                "dns_name": "streaming-logs.ap-south-1.amazonaws.com",
                "hosted_zone_id": "Z08773253PYWUDNU7AT4I"
              },
              {
                "dns_name": "logs.ap-south-1.api.aws",
                "hosted_zone_id": "Z08838213KWPN78WR7CTC"
              }
            ],
            "dns_options": [
              {
                "dns_record_ip_type": "ipv4",
                "private_dns_only_for_inbound_resolver_endpoint": false
              }
            ],
            "id": "vpce-027e6422b6da687de",
            "ip_address_type": "ipv4",
            "network_interface_ids": [
              "eni-0f14745e0344aad3b"
            ],
            "owner_id": "273505519511",
            "policy": "{\"Statement\":[{\"Action\":\"*\",\"Effect\":\"Allow\",\"Principal\":\"*\",\"Resource\":\"*\"}]}",
            "prefix_list_id": null,
            "private_dns_enabled": true,
            "region": "ap-south-1",
            "requester_managed": false,
            "resource_configuration_arn": "",
            "route_table_ids": [],
            "security_group_ids": [
              "sg-08c65902bd69a7976"
            ],
            "service_name": "com.amazonaws.ap-south-1.logs",
            "service_network_arn": "",
            "service_region": "ap-south-1",
            "state": "available",
            "subnet_configuration": [
              {
                "ipv4": "10.42.1.24",
                "ipv6": "",
                "subnet_id": "subnet-00b7ac8b634f993ff"
              }
            ],
            "subnet_ids": [
              "subnet-00b7ac8b634f993ff"
            ],
            "tags": {},
            "tags_all": {},
            "timeouts": null,
            "vpc_endpoint_type": "Interface",
            "vpc_id": "vpc-06ce9e6f92017ab69"
          },
          "sensitive_attributes": [],
          "identity_schema_version": 0,
          "identity": {
            "account_id": "273505519511",
            "id": "vpce-027e6422b6da687de",
            "region": "ap-south-1"
          },
          "private": "eyJlMmJmYjczMC1lY2FhLTExZTYtOGY4OC0zNDM2M2JjN2M0YzAiOnsiY3JlYXRlIjo2MDAwMDAwMDAwMDAsImRlbGV0ZSI6NjAwMDAwMDAwMDAwLCJ1cGRhdGUiOjYwMDAwMDAwMDAwMH19",
          "dependencies": [
            "aws_security_group.lambda",
            "aws_security_group.vpce",
            "aws_subnet.private_a",
            "aws_vpc.main"
          ]
        },
        {
          "index_key": "sts",
          "schema_version": 0,
          "attributes": {
            "arn": "arn:aws:ec2:ap-south-1:273505519511:vpc-endpoint/vpce-0f4f7608ffd91e262",
            "auto_accept": null,
            "cidr_blocks": [],
            "dns_entry": [
              {
                "dns_name": "vpce-0f4f7608ffd91e262-8habij6f.sts.ap-south-1.vpce.amazonaws.com",
                "hosted_zone_id": "Z2KVTB3ZLFM7JR"
              },
              {
                "dns_name": "vpce-0f4f7608ffd91e262-8habij6f-ap-south-1a.sts.ap-south-1.vpce.amazonaws.com",
                "hosted_zone_id": "Z2KVTB3ZLFM7JR"
              },
              {
                "dns_name": "sts.ap-south-1.amazonaws.com",
                "hosted_zone_id": "Z0307823DMHX0GFHEQHE"
              },
              {
                "dns_name": "sts.ap-south-1.api.aws",
                "hosted_zone_id": "Z08836722N0RHEFYM4JO7"
              }
            ],
            "dns_options": [
              {
                "dns_record_ip_type": "ipv4",
                "private_dns_only_for_inbound_resolver_endpoint": false
              }
            ],
            "id": "vpce-0f4f7608ffd91e262",
            "ip_address_type": "ipv4",
            "network_interface_ids": [
              "eni-0bcc0ce7bcec645b7"
            ],
            "owner_id": "273505519511",
            "policy": "{\"Statement\":[{\"Action\":\"*\",\"Effect\":\"Allow\",\"Principal\":\"*\",\"Resource\":\"*\"}]}",
            "prefix_list_id": null,
            "private_dns_enabled": true,
            "region": "ap-south-1",
            "requester_managed": false,
            "resource_configuration_arn": "",
            "route_table_ids": [],
            "security_group_ids": [
              "sg-08c65902bd69a7976"
            ],
            "service_name": "com.amazonaws.ap-south-1.sts",
            "service_network_arn": "",
            "service_region": "ap-south-1",
            "state": "available",
            "subnet_configuration": [
              {
                "ipv4": "10.42.1.245",
                "ipv6": "",
                "subnet_id": "subnet-00b7ac8b634f993ff"
              }
            ],
            "subnet_ids": [
              "subnet-00b7ac8b634f993ff"
            ],
            "tags": {},
            "tags_all": {},
            "timeouts": null,
            "vpc_endpoint_type": "Interface",
            "vpc_id": "vpc-06ce9e6f92017ab69"
          },
          "sensitive_attributes": [],
          "identity_schema_version": 0,
          "identity": {
            "account_id": "273505519511",
            "id": "vpce-0f4f7608ffd91e262",
            "region": "ap-south-1"
          },
          "private": "eyJlMmJmYjczMC1lY2FhLTExZTYtOGY4OC0zNDM2M2JjN2M0YzAiOnsiY3JlYXRlIjo2MDAwMDAwMDAwMDAsImRlbGV0ZSI6NjAwMDAwMDAwMDAwLCJ1cGRhdGUiOjYwMDAwMDAwMDAwMH19",
          "dependencies": [
            "aws_security_group.lambda",
            "aws_security_group.vpce",
            "aws_subnet.private_a",
            "aws_vpc.main"
          ]
        }
      ]
    },
    {
      "mode": "managed",
      "type": "aws_vpc_endpoint",
      "name": "s3",
      "provider": "provider[\"registry.terraform.io/hashicorp/aws\"]",
      "instances": [
        {
          "schema_version": 0,
          "attributes": {
            "arn": "arn:aws:ec2:ap-south-1:273505519511:vpc-endpoint/vpce-0b548a503bffb7e59",
            "auto_accept": null,
            "cidr_blocks": [
              "52.219.156.0/22",
              "52.219.160.0/23",
              "52.219.62.0/23",
              "3.5.212.0/23",
              "3.5.208.0/22",
              "16.12.40.0/23",
              "52.219.64.0/22",
              "16.12.36.0/22"
            ],
            "dns_entry": [],
            "dns_options": [],
            "id": "vpce-0b548a503bffb7e59",
            "ip_address_type": "",
            "network_interface_ids": [],
            "owner_id": "273505519511",
            "policy": "{\"Statement\":[{\"Action\":\"*\",\"Effect\":\"Allow\",\"Principal\":\"*\",\"Resource\":\"*\"}],\"Version\":\"2008-10-17\"}",
            "prefix_list_id": "pl-78a54011",
            "private_dns_enabled": false,
            "region": "ap-south-1",
            "requester_managed": false,
            "resource_configuration_arn": "",
            "route_table_ids": [],
            "security_group_ids": [],
            "service_name": "com.amazonaws.ap-south-1.s3",
            "service_network_arn": "",
            "service_region": "ap-south-1",
            "state": "available",
            "subnet_configuration": [],
            "subnet_ids": [],
            "tags": {},
            "tags_all": {},
            "timeouts": null,
            "vpc_endpoint_type": "Gateway",
            "vpc_id": "vpc-06ce9e6f92017ab69"
          },
          "sensitive_attributes": [],
          "identity_schema_version": 0,
          "identity": {
            "account_id": "273505519511",
            "id": "vpce-0b548a503bffb7e59",
            "region": "ap-south-1"
          },
          "private": "eyJlMmJmYjczMC1lY2FhLTExZTYtOGY4OC0zNDM2M2JjN2M0YzAiOnsiY3JlYXRlIjo2MDAwMDAwMDAwMDAsImRlbGV0ZSI6NjAwMDAwMDAwMDAwLCJ1cGRhdGUiOjYwMDAwMDAwMDAwMH19",
          "dependencies": [
            "aws_vpc.main"
          ]
        }
      ]
    },
    {
      "mode": "managed",
      "type": "time_sleep",
      "name": "wait_for_lambda_role",
      "provider": "provider[\"registry.terraform.io/hashicorp/time\"]",
      "instances": [
        {
          "schema_version": 0,
          "attributes": {
            "create_duration": "10s",
            "destroy_duration": null,
            "id": "2025-09-27T10:34:22Z",
            "triggers": null
          },
          "sensitive_attributes": [],
          "identity_schema_version": 0,
          "dependencies": [
            "aws_iam_role.lambda",
            "aws_iam_role_policy.lambda_inline",
            "aws_iam_role_policy_attachment.lambda_vpc_access",
            "aws_s3_bucket.athena_results",
            "aws_s3_bucket.data",
            "data.aws_caller_identity.me"
          ]
        }
      ]
    }
  ],
  "check_results": null
}
